
Microsoft Visual Studio Solution File, Format Version 12.00
# Visual Studio Version 16
VisualStudioVersion = 16.0.31402.337
MinimumVisualStudioVersion = 10.0.40219.1
Project("{FAE04EC0-301F-11D3-BF4B-00C04F79EFBC}") = "CP380-PubsWeb", "CP380-PubsWeb\CP380-PubsWeb.csproj", "{D1CCCBB3-010C-49AB-9EF0-5A1DC37D22F0}"
EndProject
Project("{9A19103F-16F7-4668-BE54-9A1E7A4F7556}") = "CP380-PubsLab", "CP380-PubsLab\CP380-PubsLab.csproj", "{7B5F1F5C-4F0C-4D26-AEAD-7DAE074D4400}"
EndProject
Global
	GlobalSection(SolutionConfigurationPlatforms) = preSolution
		Debug|Any CPU = Debug|Any CPU
		Release|Any CPU = Release|Any CPU
	EndGlobalSection
	GlobalSection(ProjectConfigurationPlatforms) = postSolution
		{D1CCCBB3-010C-49AB-9EF0-5A1DC37D22F0}.Debug|Any CPU.ActiveCfg = Debug|Any CPU
		{D1CCCBB3-010C-49AB-9EF0-5A1DC37D22F0}.Debug|Any CPU.Build.0 = Debug|Any CPU
		{D1CCCBB3-010C-49AB-9EF0-5A1DC37D22F0}.Release|Any CPU.ActiveCfg = Release|Any CPU
		{D1CCCBB3-010C-49AB-9EF0-5A1DC37D22F0}.Release|Any CPU.Build.0 = Release|Any CPU
		{7B5F1F5C-4F0C-4D26-AEAD-7DAE074D4400}.Debug|Any CPU.ActiveCfg = Debug|Any CPU
		{7B5F1F5C-4F0C-4D26-AEAD-7DAE074D4400}.Debug|Any CPU.Build.0 = Debug|Any CPU
		{7B5F1F5C-4F0C-4D26-AEAD-7DAE074D4400}.Release|Any CPU.ActiveCfg = Release|Any CPU
		{7B5F1F5C-4F0C-4D26-AEAD-7DAE074D4400}.Release|Any CPU.Build.0 = Release|Any CPU
	EndGlobalSection
	GlobalSection(SolutionProperties) = preSolution
		HideSolutionNode = FALSE
	EndGlobalSection
	GlobalSection(ExtensibilityGlobals) = postSolution
		SolutionGuid = {123F268C-3849-4F73-847C-9F79806A691D}
	EndGlobalSection
EndGlobal
